Microsoft Visual Studio Solution File, Format Version 11.00
# Visual Studio 2008

Project("{DA602601-1ABD-AF2B-D630-08B50ACF7F39}") = "Single Player", "Assembly-CSharp.csproj", "{74F63234-2BD9-5E33-0026-7DBF3ABD5210}"
EndProject
Project("{DA602601-1ABD-AF2B-D630-08B50ACF7F39}") = "Single Player", "Assembly-CSharp-Editor.csproj", "{37743D5C-AEFD-94AD-8E91-2371DE32A4E1}"
EndProject
Global
	GlobalSection(SolutionConfigurationPlatforms) = preSolution
		Debug|Any CPU = Debug|Any CPU
		Release|Any CPU = Release|Any CPU
	EndGlobalSection
	GlobalSection(ProjectConfigurationPlatforms) = postSolution
		{74F63234-2BD9-5E33-0026-7DBF3ABD5210}.Debug|Any CPU.ActiveCfg = Debug|Any CPU
		{74F63234-2BD9-5E33-0026-7DBF3ABD5210}.Debug|Any CPU.Build.0 = Debug|Any CPU
		{74F63234-2BD9-5E33-0026-7DBF3ABD5210}.Release|Any CPU.ActiveCfg = Release|Any CPU
		{74F63234-2BD9-5E33-0026-7DBF3ABD5210}.Release|Any CPU.Build.0 = Release|Any CPU
		{37743D5C-AEFD-94AD-8E91-2371DE32A4E1}.Debug|Any CPU.ActiveCfg = Debug|Any CPU
		{37743D5C-AEFD-94AD-8E91-2371DE32A4E1}.Debug|Any CPU.Build.0 = Debug|Any CPU
		{37743D5C-AEFD-94AD-8E91-2371DE32A4E1}.Release|Any CPU.ActiveCfg = Release|Any CPU
		{37743D5C-AEFD-94AD-8E91-2371DE32A4E1}.Release|Any CPU.Build.0 = Release|Any CPU
	EndGlobalSection
	GlobalSection(SolutionProperties) = preSolution
		HideSolutionNode = FALSE
	EndGlobalSection
	GlobalSection(MonoDevelopProperties) = preSolution
		StartupItem = Assembly-CSharp.csproj
	EndGlobalSection
EndGlobal
